
Microsoft Visual Studio Solution File, Format Version 12.00
Project("{FAE04EC0-301F-11D3-BF4B-00C04F79EFBC}") = "EnvVariablesGenerator", "EnvVariablesGenerator\EnvVariablesGenerator.csproj", "{11E2D86D-C87B-4C6C-A845-FBCB41A3F23C}"
EndProject
Project("{FAE04EC0-301F-11D3-BF4B-00C04F79EFBC}") = "EnvVariablesGenerator.Sample", "EnvVariablesGenerator.Sample\EnvVariablesGenerator.Sample.csproj", "{9C0F828A-58C6-44E5-B582-5653446BC024}"
EndProject
Global
	GlobalSection(SolutionConfigurationPlatforms) = preSolution
		Debug|Any CPU = Debug|Any CPU
		Release|Any CPU = Release|Any CPU
	EndGlobalSection
	GlobalSection(ProjectConfigurationPlatforms) = postSolution
		{11E2D86D-C87B-4C6C-A845-FBCB41A3F23C}.Debug|Any CPU.ActiveCfg = Debug|Any CPU
		{11E2D86D-C87B-4C6C-A845-FBCB41A3F23C}.Debug|Any CPU.Build.0 = Debug|Any CPU
		{11E2D86D-C87B-4C6C-A845-FBCB41A3F23C}.Release|Any CPU.ActiveCfg = Release|Any CPU
		{11E2D86D-C87B-4C6C-A845-FBCB41A3F23C}.Release|Any CPU.Build.0 = Release|Any CPU
		{9C0F828A-58C6-44E5-B582-5653446BC024}.Debug|Any CPU.ActiveCfg = Debug|Any CPU
		{9C0F828A-58C6-44E5-B582-5653446BC024}.Debug|Any CPU.Build.0 = Debug|Any CPU
		{9C0F828A-58C6-44E5-B582-5653446BC024}.Release|Any CPU.ActiveCfg = Release|Any CPU
		{9C0F828A-58C6-44E5-B582-5653446BC024}.Release|Any CPU.Build.0 = Release|Any CPU
	EndGlobalSection
EndGlobal
